
Microsoft Visual Studio Solution File, Format Version 12.00
# Visual Studio Version 16
VisualStudioVersion = 16.0.32510.428
MinimumVisualStudioVersion = 10.0.40219.1
Project("{9A19103F-16F7-4668-BE54-9A1E7A4F7556}") = "VBakery", "VBakery\VBakery.csproj", "{83497346-9EA5-4FB1-BF07-AB7311F95F3E}"
EndProject
Global
	GlobalSection(SolutionConfigurationPlatforms) = preSolution
		Debug|Any CPU = Debug|Any CPU
		Release|Any CPU = Release|Any CPU
	EndGlobalSection
	GlobalSection(ProjectConfigurationPlatforms) = postSolution
		{83497346-9EA5-4FB1-BF07-AB7311F95F3E}.Debug|Any CPU.ActiveCfg = Debug|Any CPU
		{83497346-9EA5-4FB1-BF07-AB7311F95F3E}.Debug|Any CPU.Build.0 = Debug|Any CPU
		{83497346-9EA5-4FB1-BF07-AB7311F95F3E}.Release|Any CPU.ActiveCfg = Release|Any CPU
		{83497346-9EA5-4FB1-BF07-AB7311F95F3E}.Release|Any CPU.Build.0 = Release|Any CPU
	EndGlobalSection
	GlobalSection(SolutionProperties) = preSolution
		HideSolutionNode = FALSE
	EndGlobalSection
	GlobalSection(ExtensibilityGlobals) = postSolution
		SolutionGuid = {E5E33DFC-AB87-4BCE-B700-CF96A8A4E7E3}
	EndGlobalSection
EndGlobal
